
Microsoft Visual Studio Solution File, Format Version 12.00
# Visual Studio Version 16
VisualStudioVersion = 25.0.1706.12
MinimumVisualStudioVersion = 10.0.40219.1
Project("{FAE04EC0-301F-11D3-BF4B-00C04F79EFBC}") = "durableFA_validation", "durableFA_validation\durableFA_validation.csproj", "{0255125B-8FE5-48A6-83A9-C5986F52DC6A}"
EndProject
Project("{FAE04EC0-301F-11D3-BF4B-00C04F79EFBC}") = "durableFA_transformation", "durableFA_transformation\durableFA_transformation.csproj", "{F60FA28E-7558-4BB0-82B8-ECE068148A55}"
EndProject
Global
	GlobalSection(SolutionConfigurationPlatforms) = preSolution
		Debug|Any CPU = Debug|Any CPU
		Release|Any CPU = Release|Any CPU
	EndGlobalSection
	GlobalSection(ProjectConfigurationPlatforms) = postSolution
		{0255125B-8FE5-48A6-83A9-C5986F52DC6A}.Debug|Any CPU.ActiveCfg = Debug|Any CPU
		{0255125B-8FE5-48A6-83A9-C5986F52DC6A}.Debug|Any CPU.Build.0 = Debug|Any CPU
		{0255125B-8FE5-48A6-83A9-C5986F52DC6A}.Release|Any CPU.ActiveCfg = Release|Any CPU
		{0255125B-8FE5-48A6-83A9-C5986F52DC6A}.Release|Any CPU.Build.0 = Release|Any CPU
		{F60FA28E-7558-4BB0-82B8-ECE068148A55}.Debug|Any CPU.ActiveCfg = Debug|Any CPU
		{F60FA28E-7558-4BB0-82B8-ECE068148A55}.Debug|Any CPU.Build.0 = Debug|Any CPU
		{F60FA28E-7558-4BB0-82B8-ECE068148A55}.Release|Any CPU.ActiveCfg = Release|Any CPU
		{F60FA28E-7558-4BB0-82B8-ECE068148A55}.Release|Any CPU.Build.0 = Release|Any CPU
	EndGlobalSection
	GlobalSection(SolutionProperties) = preSolution
		HideSolutionNode = FALSE
	EndGlobalSection
	GlobalSection(ExtensibilityGlobals) = postSolution
		SolutionGuid = {92DDC660-7F46-41DB-9B2F-24F9CB611D5B}
	EndGlobalSection
EndGlobal
